
Microsoft Visual Studio Solution File, Format Version 12.00
# Visual Studio Version 17
VisualStudioVersion = 17.1.32228.430
MinimumVisualStudioVersion = 10.0.40219.1
Project("{FAE04EC0-301F-11D3-BF4B-00C04F79EFBC}") = "fGlavForma", "fGlavForma\fGlavForma.csproj", "{3DEDD1DA-E5A8-479A-88D4-9D4090904234}"
EndProject
Global
	GlobalSection(SolutionConfigurationPlatforms) = preSolution
		Debug|Any CPU = Debug|Any CPU
		Release|Any CPU = Release|Any CPU
	EndGlobalSection
	GlobalSection(ProjectConfigurationPlatforms) = postSolution
		{3DEDD1DA-E5A8-479A-88D4-9D4090904234}.Debug|Any CPU.ActiveCfg = Debug|Any CPU
		{3DEDD1DA-E5A8-479A-88D4-9D4090904234}.Debug|Any CPU.Build.0 = Debug|Any CPU
		{3DEDD1DA-E5A8-479A-88D4-9D4090904234}.Release|Any CPU.ActiveCfg = Release|Any CPU
		{3DEDD1DA-E5A8-479A-88D4-9D4090904234}.Release|Any CPU.Build.0 = Release|Any CPU
	EndGlobalSection
	GlobalSection(SolutionProperties) = preSolution
		HideSolutionNode = FALSE
	EndGlobalSection
	GlobalSection(ExtensibilityGlobals) = postSolution
		SolutionGuid = {137F6D9E-558B-44F4-9372-736203F270EB}
	EndGlobalSection
EndGlobal
